
Microsoft Visual Studio Solution File, Format Version 12.00
# Visual Studio Version 17
VisualStudioVersion = 17.5.002.0
MinimumVisualStudioVersion = 10.0.40219.1
Project("{9A19103F-16F7-4668-BE54-9A1E7A4F7556}") = "DIO - Trilha .NET - Explorando a linguagem C#", "DIO - Trilha .NET - Explorando a linguagem C#.csproj", "{CBA3208E-94DD-4C15-80A8-7A68E904DAA8}"
EndProject
Global
	GlobalSection(SolutionConfigurationPlatforms) = preSolution
		Debug|Any CPU = Debug|Any CPU
		Release|Any CPU = Release|Any CPU
	EndGlobalSection
	GlobalSection(ProjectConfigurationPlatforms) = postSolution
		{CBA3208E-94DD-4C15-80A8-7A68E904DAA8}.Debug|Any CPU.ActiveCfg = Debug|Any CPU
		{CBA3208E-94DD-4C15-80A8-7A68E904DAA8}.Debug|Any CPU.Build.0 = Debug|Any CPU
		{CBA3208E-94DD-4C15-80A8-7A68E904DAA8}.Release|Any CPU.ActiveCfg = Release|Any CPU
		{CBA3208E-94DD-4C15-80A8-7A68E904DAA8}.Release|Any CPU.Build.0 = Release|Any CPU
	EndGlobalSection
	GlobalSection(SolutionProperties) = preSolution
		HideSolutionNode = FALSE
	EndGlobalSection
	GlobalSection(ExtensibilityGlobals) = postSolution
		SolutionGuid = {7063B92A-D3DA-4776-8739-FD37321A0C1F}
	EndGlobalSection
EndGlobal
